
Microsoft Visual Studio Solution File, Format Version 12.00
# Visual Studio Version 16
VisualStudioVersion = 16.0.810.17
MinimumVisualStudioVersion = 10.0.40219.1
Project("{FAE04EC0-301F-11D3-BF4B-00C04F79EFBC}") = "Classes", "Classes\Classes.csproj", "{6EE5E473-27A8-4950-B356-E5166814D0B8}"
EndProject
Project("{FAE04EC0-301F-11D3-BF4B-00C04F79EFBC}") = "Testability", "Testability\Testability.csproj", "{CF63784A-4805-42D4-B375-8FEF59630628}"
EndProject
Project("{FAE04EC0-301F-11D3-BF4B-00C04F79EFBC}") = "Testability.UnitTests", "Testability.UnitTests\Testability.UnitTests.csproj", "{3CAB76EB-18D4-4A88-B7BD-D300ADF3FC88}"
EndProject
Project("{FAE04EC0-301F-11D3-BF4B-00C04F79EFBC}") = "Extensibility", "Extensibility\Extensibility.csproj", "{164BE6D7-58FC-4441-9B29-CA6648EFE762}"
EndProject
Global
	GlobalSection(SolutionConfigurationPlatforms) = preSolution
		Debug|Any CPU = Debug|Any CPU
		Release|Any CPU = Release|Any CPU
	EndGlobalSection
	GlobalSection(ProjectConfigurationPlatforms) = postSolution
		{6EE5E473-27A8-4950-B356-E5166814D0B8}.Debug|Any CPU.ActiveCfg = Debug|Any CPU
		{6EE5E473-27A8-4950-B356-E5166814D0B8}.Debug|Any CPU.Build.0 = Debug|Any CPU
		{6EE5E473-27A8-4950-B356-E5166814D0B8}.Release|Any CPU.ActiveCfg = Release|Any CPU
		{6EE5E473-27A8-4950-B356-E5166814D0B8}.Release|Any CPU.Build.0 = Release|Any CPU
		{CF63784A-4805-42D4-B375-8FEF59630628}.Debug|Any CPU.ActiveCfg = Debug|Any CPU
		{CF63784A-4805-42D4-B375-8FEF59630628}.Debug|Any CPU.Build.0 = Debug|Any CPU
		{CF63784A-4805-42D4-B375-8FEF59630628}.Release|Any CPU.ActiveCfg = Release|Any CPU
		{CF63784A-4805-42D4-B375-8FEF59630628}.Release|Any CPU.Build.0 = Release|Any CPU
		{3CAB76EB-18D4-4A88-B7BD-D300ADF3FC88}.Debug|Any CPU.ActiveCfg = Debug|Any CPU
		{3CAB76EB-18D4-4A88-B7BD-D300ADF3FC88}.Debug|Any CPU.Build.0 = Debug|Any CPU
		{3CAB76EB-18D4-4A88-B7BD-D300ADF3FC88}.Release|Any CPU.ActiveCfg = Release|Any CPU
		{3CAB76EB-18D4-4A88-B7BD-D300ADF3FC88}.Release|Any CPU.Build.0 = Release|Any CPU
		{164BE6D7-58FC-4441-9B29-CA6648EFE762}.Debug|Any CPU.ActiveCfg = Debug|Any CPU
		{164BE6D7-58FC-4441-9B29-CA6648EFE762}.Debug|Any CPU.Build.0 = Debug|Any CPU
		{164BE6D7-58FC-4441-9B29-CA6648EFE762}.Release|Any CPU.ActiveCfg = Release|Any CPU
		{164BE6D7-58FC-4441-9B29-CA6648EFE762}.Release|Any CPU.Build.0 = Release|Any CPU
	EndGlobalSection
	GlobalSection(SolutionProperties) = preSolution
		HideSolutionNode = FALSE
	EndGlobalSection
	GlobalSection(ExtensibilityGlobals) = postSolution
		SolutionGuid = {F48720B1-DAD7-4448-889A-97C610B05E86}
	EndGlobalSection
EndGlobal
