
Microsoft Visual Studio Solution File, Format Version 12.00
# Visual Studio Version 16
VisualStudioVersion = 16.0.810.17
MinimumVisualStudioVersion = 10.0.40219.1
Project("{FAE04EC0-301F-11D3-BF4B-00C04F79EFBC}") = "Classes", "Classes\Classes.csproj", "{6EE5E473-27A8-4950-B356-E5166814D0B8}"
EndProject
Global
	GlobalSection(SolutionConfigurationPlatforms) = preSolution
		Debug|Any CPU = Debug|Any CPU
		Release|Any CPU = Release|Any CPU
	EndGlobalSection
	GlobalSection(ProjectConfigurationPlatforms) = postSolution
		{6EE5E473-27A8-4950-B356-E5166814D0B8}.Debug|Any CPU.ActiveCfg = Debug|Any CPU
		{6EE5E473-27A8-4950-B356-E5166814D0B8}.Debug|Any CPU.Build.0 = Debug|Any CPU
		{6EE5E473-27A8-4950-B356-E5166814D0B8}.Release|Any CPU.ActiveCfg = Release|Any CPU
		{6EE5E473-27A8-4950-B356-E5166814D0B8}.Release|Any CPU.Build.0 = Release|Any CPU
	EndGlobalSection
	GlobalSection(SolutionProperties) = preSolution
		HideSolutionNode = FALSE
	EndGlobalSection
	GlobalSection(ExtensibilityGlobals) = postSolution
		SolutionGuid = {F48720B1-DAD7-4448-889A-97C610B05E86}
	EndGlobalSection
EndGlobal
